
Microsoft Visual Studio Solution File, Format Version 12.00
# Visual Studio 15
VisualStudioVersion = 15.0.27703.2018
MinimumVisualStudioVersion = 10.0.40219.1
Project("{FAE04EC0-301F-11D3-BF4B-00C04F79EFBC}") = "ChallengeWebApi", "ChallengeWebApi\ChallengeWebApi.csproj", "{79A3A13B-27BB-4139-8085-5A5E9EFBBA2E}"
EndProject
Project("{FAE04EC0-301F-11D3-BF4B-00C04F79EFBC}") = "ChallengeWebApi.Tests", "ChallengeWebApi.Tests\ChallengeWebApi.Tests.csproj", "{D3268B70-BC27-494E-8BDF-B020B0212D26}"
EndProject
Project("{FAE04EC0-301F-11D3-BF4B-00C04F79EFBC}") = "Challenge.Data", "Challenge.Data\Challenge.Data.csproj", "{82E78031-35EB-4F5E-8D10-93CED9FAA005}"
EndProject
Global
	GlobalSection(SolutionConfigurationPlatforms) = preSolution
		Debug|Any CPU = Debug|Any CPU
		Release|Any CPU = Release|Any CPU
	EndGlobalSection
	GlobalSection(ProjectConfigurationPlatforms) = postSolution
		{79A3A13B-27BB-4139-8085-5A5E9EFBBA2E}.Debug|Any CPU.ActiveCfg = Debug|Any CPU
		{79A3A13B-27BB-4139-8085-5A5E9EFBBA2E}.Debug|Any CPU.Build.0 = Debug|Any CPU
		{79A3A13B-27BB-4139-8085-5A5E9EFBBA2E}.Release|Any CPU.ActiveCfg = Release|Any CPU
		{79A3A13B-27BB-4139-8085-5A5E9EFBBA2E}.Release|Any CPU.Build.0 = Release|Any CPU
		{D3268B70-BC27-494E-8BDF-B020B0212D26}.Debug|Any CPU.ActiveCfg = Debug|Any CPU
		{D3268B70-BC27-494E-8BDF-B020B0212D26}.Debug|Any CPU.Build.0 = Debug|Any CPU
		{D3268B70-BC27-494E-8BDF-B020B0212D26}.Release|Any CPU.ActiveCfg = Release|Any CPU
		{D3268B70-BC27-494E-8BDF-B020B0212D26}.Release|Any CPU.Build.0 = Release|Any CPU
		{82E78031-35EB-4F5E-8D10-93CED9FAA005}.Debug|Any CPU.ActiveCfg = Debug|Any CPU
		{82E78031-35EB-4F5E-8D10-93CED9FAA005}.Debug|Any CPU.Build.0 = Debug|Any CPU
		{82E78031-35EB-4F5E-8D10-93CED9FAA005}.Release|Any CPU.ActiveCfg = Release|Any CPU
		{82E78031-35EB-4F5E-8D10-93CED9FAA005}.Release|Any CPU.Build.0 = Release|Any CPU
	EndGlobalSection
	GlobalSection(SolutionProperties) = preSolution
		HideSolutionNode = FALSE
	EndGlobalSection
	GlobalSection(ExtensibilityGlobals) = postSolution
		SolutionGuid = {350A9A4E-9DDD-4768-B281-80A69750748F}
	EndGlobalSection
EndGlobal
